
Microsoft Visual Studio Solution File, Format Version 12.00
# Visual Studio 2012
Project("{2150E333-8FDC-42A3-9474-1A3956D46DE8}") = "Solution Items", "Solution Items", "{49B834D5-9519-4ED6-AC63-51AE7EAEA015}"
EndProject
Project("{2150E333-8FDC-42A3-9474-1A3956D46DE8}") = "Back", "Back", "{4F1A5DD9-B1F1-49EE-A9E8-E2D0F3DEADAE}"
EndProject
Project("{2150E333-8FDC-42A3-9474-1A3956D46DE8}") = "Services", "Services", "{BA224A06-B4E8-4ACE-BB33-801D23DB555B}"
EndProject
Project("{2150E333-8FDC-42A3-9474-1A3956D46DE8}") = "Front", "Front", "{32D1BB77-E7EF-434E-8DE1-B4FF7C19F92C}"
EndProject
Project("{FAE04EC0-301F-11D3-BF4B-00C04F79EFBC}") = "Entities", "Entities\Entities.csproj", "{50CB4836-09CE-457A-9807-438E9C963908}"
EndProject
Project("{FAE04EC0-301F-11D3-BF4B-00C04F79EFBC}") = "Facade", "Facade\Facade.csproj", "{D2097392-24E2-4D0D-80F6-D660D20D0CF6}"
EndProject
Project("{FAE04EC0-301F-11D3-BF4B-00C04F79EFBC}") = "Integrator", "Integrator\Integrator.csproj", "{E8D5C29B-1B43-4972-AE35-760A6998FC45}"
EndProject
Project("{FAE04EC0-301F-11D3-BF4B-00C04F79EFBC}") = "WcfService", "WCFService\WcfService.csproj", "{3BF0F555-6253-44A5-BD49-8E3103AC812B}"
EndProject
Project("{FAE04EC0-301F-11D3-BF4B-00C04F79EFBC}") = "ErpConnect", "ERPConnect\ErpConnect.csproj", "{9977777A-E646-4442-BBC3-F96F4F26D618}"
EndProject
Project("{FAE04EC0-301F-11D3-BF4B-00C04F79EFBC}") = "WcfConsoleService", "ServiceConsole\WcfConsoleService.csproj", "{41AD1562-B066-4EAA-99B6-6B6375135566}"
EndProject
Project("{FAE04EC0-301F-11D3-BF4B-00C04F79EFBC}") = "RunScheduler", "SchedulerConsole\RunScheduler.csproj", "{B2D2EAC9-06CE-44AE-A335-742DD84C5E8C}"
EndProject
Project("{FAE04EC0-301F-11D3-BF4B-00C04F79EFBC}") = "SchedulerService", "SchedulerService\SchedulerService.csproj", "{786C3FD9-C460-40B0-A171-449EF2AC98EC}"
EndProject
Project("{FAE04EC0-301F-11D3-BF4B-00C04F79EFBC}") = "UtilTool", "UtilTool\UtilTool.csproj", "{E3B11601-49A9-4A6F-B6E6-E67B9C4BB116}"
EndProject
Project("{FAE04EC0-301F-11D3-BF4B-00C04F79EFBC}") = "WmsWpfUI", "WpfFrontOLD\WmsWpfUI.csproj", "{46C063B5-B4CE-4677-A7D5-210716FB7EEF}"
	ProjectSection(ProjectDependencies) = postProject
		{E3F35459-F52E-488B-BFD1-0AEF1F59A240} = {E3F35459-F52E-488B-BFD1-0AEF1F59A240}
	EndProjectSection
EndProject
Project("{FAE04EC0-301F-11D3-BF4B-00C04F79EFBC}") = "BizzLogic", "BizzLogic\BizzLogic.csproj", "{9AA55B24-EC58-45D7-9C54-77F4329A8001}"
EndProject
Project("{FAE04EC0-301F-11D3-BF4B-00C04F79EFBC}") = "WcfConsoleApp", "WcfWMSConsoleApp\WcfConsoleApp.csproj", "{8B5E4D9A-58B8-44D2-93B0-B0A294D6F423}"
EndProject
Project("{FAE04EC0-301F-11D3-BF4B-00C04F79EFBC}") = "WcfIISHost", "WcfIISHost\WcfIISHost.csproj", "{E3F35459-F52E-488B-BFD1-0AEF1F59A240}"
EndProject
Global
	GlobalSection(SolutionConfigurationPlatforms) = preSolution
		Debug|Any CPU = Debug|Any CPU
		Debug|x86 = Debug|x86
		Release|Any CPU = Release|Any CPU
		Release|x86 = Release|x86
	EndGlobalSection
	GlobalSection(ProjectConfigurationPlatforms) = postSolution
		{50CB4836-09CE-457A-9807-438E9C963908}.Debug|Any CPU.ActiveCfg = Debug|Any CPU
		{50CB4836-09CE-457A-9807-438E9C963908}.Debug|Any CPU.Build.0 = Debug|Any CPU
		{50CB4836-09CE-457A-9807-438E9C963908}.Debug|x86.ActiveCfg = Debug|Any CPU
		{50CB4836-09CE-457A-9807-438E9C963908}.Debug|x86.Build.0 = Debug|Any CPU
		{50CB4836-09CE-457A-9807-438E9C963908}.Release|Any CPU.ActiveCfg = Release|Any CPU
		{50CB4836-09CE-457A-9807-438E9C963908}.Release|Any CPU.Build.0 = Release|Any CPU
		{50CB4836-09CE-457A-9807-438E9C963908}.Release|x86.ActiveCfg = Release|x86
		{50CB4836-09CE-457A-9807-438E9C963908}.Release|x86.Build.0 = Release|x86
		{D2097392-24E2-4D0D-80F6-D660D20D0CF6}.Debug|Any CPU.ActiveCfg = Debug|Any CPU
		{D2097392-24E2-4D0D-80F6-D660D20D0CF6}.Debug|Any CPU.Build.0 = Debug|Any CPU
		{D2097392-24E2-4D0D-80F6-D660D20D0CF6}.Debug|x86.ActiveCfg = Debug|Any CPU
		{D2097392-24E2-4D0D-80F6-D660D20D0CF6}.Debug|x86.Build.0 = Debug|Any CPU
		{D2097392-24E2-4D0D-80F6-D660D20D0CF6}.Release|Any CPU.ActiveCfg = Release|Any CPU
		{D2097392-24E2-4D0D-80F6-D660D20D0CF6}.Release|Any CPU.Build.0 = Release|Any CPU
		{D2097392-24E2-4D0D-80F6-D660D20D0CF6}.Release|x86.ActiveCfg = Release|x86
		{D2097392-24E2-4D0D-80F6-D660D20D0CF6}.Release|x86.Build.0 = Release|x86
		{E8D5C29B-1B43-4972-AE35-760A6998FC45}.Debug|Any CPU.ActiveCfg = Debug|Any CPU
		{E8D5C29B-1B43-4972-AE35-760A6998FC45}.Debug|Any CPU.Build.0 = Debug|Any CPU
		{E8D5C29B-1B43-4972-AE35-760A6998FC45}.Debug|x86.ActiveCfg = Debug|Any CPU
		{E8D5C29B-1B43-4972-AE35-760A6998FC45}.Debug|x86.Build.0 = Debug|Any CPU
		{E8D5C29B-1B43-4972-AE35-760A6998FC45}.Release|Any CPU.ActiveCfg = Release|Any CPU
		{E8D5C29B-1B43-4972-AE35-760A6998FC45}.Release|Any CPU.Build.0 = Release|Any CPU
		{E8D5C29B-1B43-4972-AE35-760A6998FC45}.Release|x86.ActiveCfg = Release|x86
		{E8D5C29B-1B43-4972-AE35-760A6998FC45}.Release|x86.Build.0 = Release|x86
		{3BF0F555-6253-44A5-BD49-8E3103AC812B}.Debug|Any CPU.ActiveCfg = Debug|Any CPU
		{3BF0F555-6253-44A5-BD49-8E3103AC812B}.Debug|Any CPU.Build.0 = Debug|Any CPU
		{3BF0F555-6253-44A5-BD49-8E3103AC812B}.Debug|x86.ActiveCfg = Debug|Any CPU
		{3BF0F555-6253-44A5-BD49-8E3103AC812B}.Debug|x86.Build.0 = Debug|Any CPU
		{3BF0F555-6253-44A5-BD49-8E3103AC812B}.Release|Any CPU.ActiveCfg = Release|Any CPU
		{3BF0F555-6253-44A5-BD49-8E3103AC812B}.Release|Any CPU.Build.0 = Release|Any CPU
		{3BF0F555-6253-44A5-BD49-8E3103AC812B}.Release|x86.ActiveCfg = Release|x86
		{3BF0F555-6253-44A5-BD49-8E3103AC812B}.Release|x86.Build.0 = Release|x86
		{9977777A-E646-4442-BBC3-F96F4F26D618}.Debug|Any CPU.ActiveCfg = Debug|Any CPU
		{9977777A-E646-4442-BBC3-F96F4F26D618}.Debug|Any CPU.Build.0 = Debug|Any CPU
		{9977777A-E646-4442-BBC3-F96F4F26D618}.Debug|x86.ActiveCfg = Debug|Any CPU
		{9977777A-E646-4442-BBC3-F96F4F26D618}.Debug|x86.Build.0 = Debug|Any CPU
		{9977777A-E646-4442-BBC3-F96F4F26D618}.Release|Any CPU.ActiveCfg = Release|Any CPU
		{9977777A-E646-4442-BBC3-F96F4F26D618}.Release|Any CPU.Build.0 = Release|Any CPU
		{9977777A-E646-4442-BBC3-F96F4F26D618}.Release|x86.ActiveCfg = Release|x86
		{9977777A-E646-4442-BBC3-F96F4F26D618}.Release|x86.Build.0 = Release|x86
		{41AD1562-B066-4EAA-99B6-6B6375135566}.Debug|Any CPU.ActiveCfg = Debug|Any CPU
		{41AD1562-B066-4EAA-99B6-6B6375135566}.Debug|Any CPU.Build.0 = Debug|Any CPU
		{41AD1562-B066-4EAA-99B6-6B6375135566}.Debug|x86.ActiveCfg = Debug|Any CPU
		{41AD1562-B066-4EAA-99B6-6B6375135566}.Debug|x86.Build.0 = Debug|Any CPU
		{41AD1562-B066-4EAA-99B6-6B6375135566}.Release|Any CPU.ActiveCfg = Release|Any CPU
		{41AD1562-B066-4EAA-99B6-6B6375135566}.Release|Any CPU.Build.0 = Release|Any CPU
		{41AD1562-B066-4EAA-99B6-6B6375135566}.Release|x86.ActiveCfg = Release|x86
		{41AD1562-B066-4EAA-99B6-6B6375135566}.Release|x86.Build.0 = Release|x86
		{B2D2EAC9-06CE-44AE-A335-742DD84C5E8C}.Debug|Any CPU.ActiveCfg = Debug|Any CPU
		{B2D2EAC9-06CE-44AE-A335-742DD84C5E8C}.Debug|Any CPU.Build.0 = Debug|Any CPU
		{B2D2EAC9-06CE-44AE-A335-742DD84C5E8C}.Debug|x86.ActiveCfg = Debug|Any CPU
		{B2D2EAC9-06CE-44AE-A335-742DD84C5E8C}.Debug|x86.Build.0 = Debug|Any CPU
		{B2D2EAC9-06CE-44AE-A335-742DD84C5E8C}.Release|Any CPU.ActiveCfg = Release|Any CPU
		{B2D2EAC9-06CE-44AE-A335-742DD84C5E8C}.Release|Any CPU.Build.0 = Release|Any CPU
		{B2D2EAC9-06CE-44AE-A335-742DD84C5E8C}.Release|x86.ActiveCfg = Release|x86
		{B2D2EAC9-06CE-44AE-A335-742DD84C5E8C}.Release|x86.Build.0 = Release|x86
		{786C3FD9-C460-40B0-A171-449EF2AC98EC}.Debug|Any CPU.ActiveCfg = Debug|Any CPU
		{786C3FD9-C460-40B0-A171-449EF2AC98EC}.Debug|Any CPU.Build.0 = Debug|Any CPU
		{786C3FD9-C460-40B0-A171-449EF2AC98EC}.Debug|x86.ActiveCfg = Debug|Any CPU
		{786C3FD9-C460-40B0-A171-449EF2AC98EC}.Debug|x86.Build.0 = Debug|Any CPU
		{786C3FD9-C460-40B0-A171-449EF2AC98EC}.Release|Any CPU.ActiveCfg = Release|Any CPU
		{786C3FD9-C460-40B0-A171-449EF2AC98EC}.Release|Any CPU.Build.0 = Release|Any CPU
		{786C3FD9-C460-40B0-A171-449EF2AC98EC}.Release|x86.ActiveCfg = Release|x86
		{786C3FD9-C460-40B0-A171-449EF2AC98EC}.Release|x86.Build.0 = Release|x86
		{E3B11601-49A9-4A6F-B6E6-E67B9C4BB116}.Debug|Any CPU.ActiveCfg = Debug|Any CPU
		{E3B11601-49A9-4A6F-B6E6-E67B9C4BB116}.Debug|Any CPU.Build.0 = Debug|Any CPU
		{E3B11601-49A9-4A6F-B6E6-E67B9C4BB116}.Debug|x86.ActiveCfg = Debug|Any CPU
		{E3B11601-49A9-4A6F-B6E6-E67B9C4BB116}.Debug|x86.Build.0 = Debug|Any CPU
		{E3B11601-49A9-4A6F-B6E6-E67B9C4BB116}.Release|Any CPU.ActiveCfg = Release|Any CPU
		{E3B11601-49A9-4A6F-B6E6-E67B9C4BB116}.Release|Any CPU.Build.0 = Release|Any CPU
		{E3B11601-49A9-4A6F-B6E6-E67B9C4BB116}.Release|x86.ActiveCfg = Release|x86
		{E3B11601-49A9-4A6F-B6E6-E67B9C4BB116}.Release|x86.Build.0 = Release|x86
		{46C063B5-B4CE-4677-A7D5-210716FB7EEF}.Debug|Any CPU.ActiveCfg = Debug|Any CPU
		{46C063B5-B4CE-4677-A7D5-210716FB7EEF}.Debug|Any CPU.Build.0 = Debug|Any CPU
		{46C063B5-B4CE-4677-A7D5-210716FB7EEF}.Debug|x86.ActiveCfg = Debug|Any CPU
		{46C063B5-B4CE-4677-A7D5-210716FB7EEF}.Debug|x86.Build.0 = Debug|Any CPU
		{46C063B5-B4CE-4677-A7D5-210716FB7EEF}.Release|Any CPU.ActiveCfg = Release|Any CPU
		{46C063B5-B4CE-4677-A7D5-210716FB7EEF}.Release|Any CPU.Build.0 = Release|Any CPU
		{46C063B5-B4CE-4677-A7D5-210716FB7EEF}.Release|x86.ActiveCfg = Release|x86
		{46C063B5-B4CE-4677-A7D5-210716FB7EEF}.Release|x86.Build.0 = Release|x86
		{9AA55B24-EC58-45D7-9C54-77F4329A8001}.Debug|Any CPU.ActiveCfg = Debug|Any CPU
		{9AA55B24-EC58-45D7-9C54-77F4329A8001}.Debug|Any CPU.Build.0 = Debug|Any CPU
		{9AA55B24-EC58-45D7-9C54-77F4329A8001}.Debug|x86.ActiveCfg = Debug|Any CPU
		{9AA55B24-EC58-45D7-9C54-77F4329A8001}.Debug|x86.Build.0 = Debug|Any CPU
		{9AA55B24-EC58-45D7-9C54-77F4329A8001}.Release|Any CPU.ActiveCfg = Release|Any CPU
		{9AA55B24-EC58-45D7-9C54-77F4329A8001}.Release|Any CPU.Build.0 = Release|Any CPU
		{9AA55B24-EC58-45D7-9C54-77F4329A8001}.Release|x86.ActiveCfg = Release|x86
		{9AA55B24-EC58-45D7-9C54-77F4329A8001}.Release|x86.Build.0 = Release|x86
		{8B5E4D9A-58B8-44D2-93B0-B0A294D6F423}.Debug|Any CPU.ActiveCfg = Debug|Any CPU
		{8B5E4D9A-58B8-44D2-93B0-B0A294D6F423}.Debug|Any CPU.Build.0 = Debug|Any CPU
		{8B5E4D9A-58B8-44D2-93B0-B0A294D6F423}.Debug|x86.ActiveCfg = Debug|Any CPU
		{8B5E4D9A-58B8-44D2-93B0-B0A294D6F423}.Debug|x86.Build.0 = Debug|Any CPU
		{8B5E4D9A-58B8-44D2-93B0-B0A294D6F423}.Release|Any CPU.ActiveCfg = Release|Any CPU
		{8B5E4D9A-58B8-44D2-93B0-B0A294D6F423}.Release|Any CPU.Build.0 = Release|Any CPU
		{8B5E4D9A-58B8-44D2-93B0-B0A294D6F423}.Release|x86.ActiveCfg = Release|x86
		{8B5E4D9A-58B8-44D2-93B0-B0A294D6F423}.Release|x86.Build.0 = Release|x86
		{E3F35459-F52E-488B-BFD1-0AEF1F59A240}.Debug|Any CPU.ActiveCfg = Debug|Any CPU
		{E3F35459-F52E-488B-BFD1-0AEF1F59A240}.Debug|Any CPU.Build.0 = Debug|Any CPU
		{E3F35459-F52E-488B-BFD1-0AEF1F59A240}.Debug|x86.ActiveCfg = Debug|Any CPU
		{E3F35459-F52E-488B-BFD1-0AEF1F59A240}.Debug|x86.Build.0 = Debug|Any CPU
		{E3F35459-F52E-488B-BFD1-0AEF1F59A240}.Release|Any CPU.ActiveCfg = Release|Any CPU
		{E3F35459-F52E-488B-BFD1-0AEF1F59A240}.Release|Any CPU.Build.0 = Release|Any CPU
		{E3F35459-F52E-488B-BFD1-0AEF1F59A240}.Release|x86.ActiveCfg = Release|x86
		{E3F35459-F52E-488B-BFD1-0AEF1F59A240}.Release|x86.Build.0 = Release|x86
	EndGlobalSection
	GlobalSection(SolutionProperties) = preSolution
		HideSolutionNode = FALSE
	EndGlobalSection
	GlobalSection(NestedProjects) = preSolution
		{50CB4836-09CE-457A-9807-438E9C963908} = {4F1A5DD9-B1F1-49EE-A9E8-E2D0F3DEADAE}
		{D2097392-24E2-4D0D-80F6-D660D20D0CF6} = {4F1A5DD9-B1F1-49EE-A9E8-E2D0F3DEADAE}
		{E8D5C29B-1B43-4972-AE35-760A6998FC45} = {4F1A5DD9-B1F1-49EE-A9E8-E2D0F3DEADAE}
		{3BF0F555-6253-44A5-BD49-8E3103AC812B} = {4F1A5DD9-B1F1-49EE-A9E8-E2D0F3DEADAE}
		{9977777A-E646-4442-BBC3-F96F4F26D618} = {4F1A5DD9-B1F1-49EE-A9E8-E2D0F3DEADAE}
		{E3B11601-49A9-4A6F-B6E6-E67B9C4BB116} = {4F1A5DD9-B1F1-49EE-A9E8-E2D0F3DEADAE}
		{9AA55B24-EC58-45D7-9C54-77F4329A8001} = {4F1A5DD9-B1F1-49EE-A9E8-E2D0F3DEADAE}
		{E3F35459-F52E-488B-BFD1-0AEF1F59A240} = {4F1A5DD9-B1F1-49EE-A9E8-E2D0F3DEADAE}
		{41AD1562-B066-4EAA-99B6-6B6375135566} = {BA224A06-B4E8-4ACE-BB33-801D23DB555B}
		{B2D2EAC9-06CE-44AE-A335-742DD84C5E8C} = {BA224A06-B4E8-4ACE-BB33-801D23DB555B}
		{786C3FD9-C460-40B0-A171-449EF2AC98EC} = {BA224A06-B4E8-4ACE-BB33-801D23DB555B}
		{8B5E4D9A-58B8-44D2-93B0-B0A294D6F423} = {BA224A06-B4E8-4ACE-BB33-801D23DB555B}
		{46C063B5-B4CE-4677-A7D5-210716FB7EEF} = {32D1BB77-E7EF-434E-8DE1-B4FF7C19F92C}
	EndGlobalSection
EndGlobal
